
Microsoft Visual Studio Solution File, Format Version 12.00
# Visual Studio Version 16
VisualStudioVersion = 16.0.29613.14
MinimumVisualStudioVersion = 10.0.40219.1
Project("{FAE04EC0-301F-11D3-BF4B-00C04F79EFBC}") = "Semaphore", "Semaphore\Semaphore.csproj", "{A71BF88D-695F-4719-BD8C-00EBB941EDF1}"
EndProject
Project("{FAE04EC0-301F-11D3-BF4B-00C04F79EFBC}") = "SemaphoreTests", "SemaphoreTests\SemaphoreTests.csproj", "{5DDE7A33-D9A4-4021-9662-722EBEB8C8A3}"
EndProject
Global
	GlobalSection(SolutionConfigurationPlatforms) = preSolution
		Debug|Any CPU = Debug|Any CPU
		Release|Any CPU = Release|Any CPU
	EndGlobalSection
	GlobalSection(ProjectConfigurationPlatforms) = postSolution
		{A71BF88D-695F-4719-BD8C-00EBB941EDF1}.Debug|Any CPU.ActiveCfg = Debug|Any CPU
		{A71BF88D-695F-4719-BD8C-00EBB941EDF1}.Debug|Any CPU.Build.0 = Debug|Any CPU
		{A71BF88D-695F-4719-BD8C-00EBB941EDF1}.Release|Any CPU.ActiveCfg = Release|Any CPU
		{A71BF88D-695F-4719-BD8C-00EBB941EDF1}.Release|Any CPU.Build.0 = Release|Any CPU
		{5DDE7A33-D9A4-4021-9662-722EBEB8C8A3}.Debug|Any CPU.ActiveCfg = Debug|Any CPU
		{5DDE7A33-D9A4-4021-9662-722EBEB8C8A3}.Debug|Any CPU.Build.0 = Debug|Any CPU
		{5DDE7A33-D9A4-4021-9662-722EBEB8C8A3}.Release|Any CPU.ActiveCfg = Release|Any CPU
		{5DDE7A33-D9A4-4021-9662-722EBEB8C8A3}.Release|Any CPU.Build.0 = Release|Any CPU
	EndGlobalSection
	GlobalSection(SolutionProperties) = preSolution
		HideSolutionNode = FALSE
	EndGlobalSection
	GlobalSection(ExtensibilityGlobals) = postSolution
		SolutionGuid = {3C4B241A-2535-41EE-92B1-78090BB0735A}
	EndGlobalSection
EndGlobal
